
Microsoft Visual Studio Solution File, Format Version 12.00
# Visual Studio Version 16
VisualStudioVersion = 16.0.29519.87
MinimumVisualStudioVersion = 10.0.40219.1
Project("{9A19103F-16F7-4668-BE54-9A1E7A4F7556}") = "nugetpkg", "nugetpkg.csproj", "{AEC8A242-DB41-4A46-8B56-6179C7AE0291}"
EndProject
Project("{2150E333-8FDC-42A3-9474-1A3956D46DE8}") = "Nugetlib", "Nugetlib", "{EDA49353-4A80-4BCF-B5A3-F4B91B9A98BF}"
	ProjectSection(SolutionItems) = preProject
		bin\Debug\nugetpkg.1.0.0.nupkg = bin\Debug\nugetpkg.1.0.0.nupkg
		bin\Debug\nugetpkg.2.0.0.nupkg = bin\Debug\nugetpkg.2.0.0.nupkg
	EndProjectSection
EndProject
Project("{9A19103F-16F7-4668-BE54-9A1E7A4F7556}") = "EX10nugetcall", "..\EX10nugetcall\EX10nugetcall.csproj", "{41D4D4A7-1077-4B9D-AC0E-27B7FA34323A}"
EndProject
Global
	GlobalSection(SolutionConfigurationPlatforms) = preSolution
		Debug|Any CPU = Debug|Any CPU
		Release|Any CPU = Release|Any CPU
	EndGlobalSection
	GlobalSection(ProjectConfigurationPlatforms) = postSolution
		{AEC8A242-DB41-4A46-8B56-6179C7AE0291}.Debug|Any CPU.ActiveCfg = Debug|Any CPU
		{AEC8A242-DB41-4A46-8B56-6179C7AE0291}.Debug|Any CPU.Build.0 = Debug|Any CPU
		{AEC8A242-DB41-4A46-8B56-6179C7AE0291}.Release|Any CPU.ActiveCfg = Release|Any CPU
		{AEC8A242-DB41-4A46-8B56-6179C7AE0291}.Release|Any CPU.Build.0 = Release|Any CPU
		{41D4D4A7-1077-4B9D-AC0E-27B7FA34323A}.Debug|Any CPU.ActiveCfg = Debug|Any CPU
		{41D4D4A7-1077-4B9D-AC0E-27B7FA34323A}.Debug|Any CPU.Build.0 = Debug|Any CPU
		{41D4D4A7-1077-4B9D-AC0E-27B7FA34323A}.Release|Any CPU.ActiveCfg = Release|Any CPU
		{41D4D4A7-1077-4B9D-AC0E-27B7FA34323A}.Release|Any CPU.Build.0 = Release|Any CPU
	EndGlobalSection
	GlobalSection(SolutionProperties) = preSolution
		HideSolutionNode = FALSE
	EndGlobalSection
	GlobalSection(ExtensibilityGlobals) = postSolution
		SolutionGuid = {8F9D4FD3-A091-468C-B536-3D6B1998987E}
	EndGlobalSection
EndGlobal
