
Microsoft Visual Studio Solution File, Format Version 12.00
# Visual Studio Version 16
VisualStudioVersion = 16.0.29519.87
MinimumVisualStudioVersion = 10.0.40219.1
Project("{FAE04EC0-301F-11D3-BF4B-00C04F79EFBC}") = "EX11", "EX11.csproj", "{EF97298A-31CB-45E6-8354-3AF85A755AEF}"
EndProject
Project("{FAE04EC0-301F-11D3-BF4B-00C04F79EFBC}") = "Addtest", "..\Addtest\Addtest.csproj", "{92A4DE76-6231-46F6-8496-C2BCC6A50AD5}"
EndProject
Global
	GlobalSection(SolutionConfigurationPlatforms) = preSolution
		Debug|Any CPU = Debug|Any CPU
		Release|Any CPU = Release|Any CPU
	EndGlobalSection
	GlobalSection(ProjectConfigurationPlatforms) = postSolution
		{EF97298A-31CB-45E6-8354-3AF85A755AEF}.Debug|Any CPU.ActiveCfg = Debug|Any CPU
		{EF97298A-31CB-45E6-8354-3AF85A755AEF}.Debug|Any CPU.Build.0 = Debug|Any CPU
		{EF97298A-31CB-45E6-8354-3AF85A755AEF}.Release|Any CPU.ActiveCfg = Release|Any CPU
		{EF97298A-31CB-45E6-8354-3AF85A755AEF}.Release|Any CPU.Build.0 = Release|Any CPU
		{92A4DE76-6231-46F6-8496-C2BCC6A50AD5}.Debug|Any CPU.ActiveCfg = Debug|Any CPU
		{92A4DE76-6231-46F6-8496-C2BCC6A50AD5}.Debug|Any CPU.Build.0 = Debug|Any CPU
		{92A4DE76-6231-46F6-8496-C2BCC6A50AD5}.Release|Any CPU.ActiveCfg = Release|Any CPU
		{92A4DE76-6231-46F6-8496-C2BCC6A50AD5}.Release|Any CPU.Build.0 = Release|Any CPU
	EndGlobalSection
	GlobalSection(SolutionProperties) = preSolution
		HideSolutionNode = FALSE
	EndGlobalSection
	GlobalSection(ExtensibilityGlobals) = postSolution
		SolutionGuid = {9871605B-0A25-479F-87FD-893B22E077DC}
	EndGlobalSection
EndGlobal
